
Microsoft Visual Studio Solution File, Format Version 12.00
# Visual Studio Version 17
VisualStudioVersion = 17.5.002.0
MinimumVisualStudioVersion = 10.0.40219.1
Project("{9A19103F-16F7-4668-BE54-9A1E7A4F7556}") = "FuseFlow.Core", "FuseFlow.Core\FuseFlow.Core.csproj", "{57FAEFAB-1023-4F89-8A30-97D942D4CE15}"
EndProject
Project("{9A19103F-16F7-4668-BE54-9A1E7A4F7556}") = "FuseFlow.Tests", "FuseFlow.Tests\FuseFlow.Tests.csproj", "{F3B5BA3E-860B-4217-9E8C-08AECCA25757}"
EndProject
Global
	GlobalSection(SolutionConfigurationPlatforms) = preSolution
		Debug|Any CPU = Debug|Any CPU
		Release|Any CPU = Release|Any CPU
	EndGlobalSection
	GlobalSection(ProjectConfigurationPlatforms) = postSolution
		{57FAEFAB-1023-4F89-8A30-97D942D4CE15}.Debug|Any CPU.ActiveCfg = Debug|Any CPU
		{57FAEFAB-1023-4F89-8A30-97D942D4CE15}.Debug|Any CPU.Build.0 = Debug|Any CPU
		{57FAEFAB-1023-4F89-8A30-97D942D4CE15}.Release|Any CPU.ActiveCfg = Release|Any CPU
		{57FAEFAB-1023-4F89-8A30-97D942D4CE15}.Release|Any CPU.Build.0 = Release|Any CPU
		{F3B5BA3E-860B-4217-9E8C-08AECCA25757}.Debug|Any CPU.ActiveCfg = Debug|Any CPU
		{F3B5BA3E-860B-4217-9E8C-08AECCA25757}.Debug|Any CPU.Build.0 = Debug|Any CPU
		{F3B5BA3E-860B-4217-9E8C-08AECCA25757}.Release|Any CPU.ActiveCfg = Release|Any CPU
		{F3B5BA3E-860B-4217-9E8C-08AECCA25757}.Release|Any CPU.Build.0 = Release|Any CPU
	EndGlobalSection
	GlobalSection(SolutionProperties) = preSolution
		HideSolutionNode = FALSE
	EndGlobalSection
	GlobalSection(ExtensibilityGlobals) = postSolution
		SolutionGuid = {A81C5716-1312-4FC1-9A38-4A86D8ED52E3}
	EndGlobalSection
EndGlobal
